<?xml version="1.0" encoding="utf-8"?>
<Project ToolsVersion="4.0" xmlns="http://schemas.microsoft.com/developer/msbuild/2003">
  <ItemGroup>
    <Filter Include="Source Files">
      <UniqueIdentifier>{4FC737F1-C7A5-4376-A066-2A32D752A2FF}</UniqueIdentifier>
      <Extensions>cpp;c;cc;cxx;c++;cppm;ixx;def;odl;idl;hpj;bat;asm;asmx</Extensions>
    </Filter>
    <Filter Include="Header Files">
      <UniqueIdentifier>{93995380-89BD-4b04-88EB-625FBE52EBFB}</UniqueIdentifier>
      <Extensions>h;hh;hpp;hxx;h++;hm;inl;inc;ipp;xsd</Extensions>
    </Filter>
    <Filter Include="Resource Files">
      <UniqueIdentifier>{67DA6AB6-F800-4c08-8B7A-83BB121AAD01}</UniqueIdentifier>
      <Extensions>rc;ico;cur;bmp;dlg;rc2;rct;bin;rgs;gif;jpg;jpeg;jpe;resx;tiff;tif;png;wav;mfcribbon-ms</Extensions>
    </Filter>
    <Filter Include="Graphics">
      <UniqueIdentifier>{4c868bab-a42d-4798-a715-44d3c14c70b6}</UniqueIdentifier>
    </Filter>
    <Filter Include="Graphics\Graphics Header Files">
      <UniqueIdentifier>{e2209dda-eab2-4656-8ced-89b914906e33}</UniqueIdentifier>
    </Filter>
    <Filter Include="Graphics\Graphics Source Files">
      <UniqueIdentifier>{5f3cfc49-646d-4a72-bb81-c2ef3ae99a94}</UniqueIdentifier>
    </Filter>
    <Filter Include="Graphics\Graphics Resource Files">
      <UniqueIdentifier>{417c0a74-2301-4ea2-b0ea-d1f7a58b655f}</UniqueIdentifier>
    </Filter>
  </ItemGroup>
  <ItemGroup>
    <ClInclude Include="GameObject.h">
      <Filter>Header Files</Filter>
    </ClInclude>
    <ClInclude Include="NonRenderedObject.h">
      <Filter>Header Files</Filter>
    </ClInclude>
    <ClInclude Include="RenderedObject.h">
      <Filter>Header Files</Filter>
    </ClInclude>
    <ClInclude Include="StaticObject.h">
      <Filter>Header Files</Filter>
    </ClInclude>
    <ClInclude Include="DynamicObject.h">
      <Filter>Header Files</Filter>
    </ClInclude>
    <ClInclude Include="Obstacle.h">
      <Filter>Header Files</Filter>
    </ClInclude>
    <ClInclude Include="Decoration.h">
      <Filter>Header Files</Filter>
    </ClInclude>
    <ClInclude Include="Effect.h">
      <Filter>Header Files</Filter>
    </ClInclude>
    <ClInclude Include="Terrain.h">
      <Filter>Header Files</Filter>
    </ClInclude>
    <ClInclude Include="CollidableDynamicObject.h">
      <Filter>Header Files</Filter>
    </ClInclude>
    <ClInclude Include="Character.h">
      <Filter>Header Files</Filter>
    </ClInclude>
    <ClInclude Include="NonControllableCharacter.h">
      <Filter>Header Files</Filter>
    </ClInclude>
    <ClInclude Include="ControllableCharacter.h">
      <Filter>Header Files</Filter>
    </ClInclude>
    <ClInclude Include="Camera.h">
      <Filter>Graphics\Graphics Header Files</Filter>
    </ClInclude>
    <ClInclude Include="GLWindow.h">
      <Filter>Graphics\Graphics Header Files</Filter>
    </ClInclude>
    <ClInclude Include="Light.h">
      <Filter>Graphics\Graphics Header Files</Filter>
    </ClInclude>
    <ClInclude Include="Material.h">
      <Filter>Graphics\Graphics Header Files</Filter>
    </ClInclude>
    <ClInclude Include="Mesh.h">
      <Filter>Graphics\Graphics Header Files</Filter>
    </ClInclude>
    <ClInclude Include="Shader.h">
      <Filter>Graphics\Graphics Header Files</Filter>
    </ClInclude>
    <ClInclude Include="Texture.h">
      <Filter>Graphics\Graphics Header Files</Filter>
    </ClInclude>
    <ClInclude Include="Renderer.h">
      <Filter>Graphics\Graphics Header Files</Filter>
    </ClInclude>
  </ItemGroup>
  <ItemGroup>
    <ClCompile Include="GameObject.cpp">
      <Filter>Source Files</Filter>
    </ClCompile>
    <ClCompile Include="NonRenderedObject.cpp">
      <Filter>Source Files</Filter>
    </ClCompile>
    <ClCompile Include="RenderedObject.cpp">
      <Filter>Source Files</Filter>
    </ClCompile>
    <ClCompile Include="StaticObject.cpp">
      <Filter>Source Files</Filter>
    </ClCompile>
    <ClCompile Include="DynamicObject.cpp">
      <Filter>Source Files</Filter>
    </ClCompile>
    <ClCompile Include="Obstacle.cpp">
      <Filter>Source Files</Filter>
    </ClCompile>
    <ClCompile Include="Decorations.cpp">
      <Filter>Source Files</Filter>
    </ClCompile>
    <ClCompile Include="Effect.cpp">
      <Filter>Source Files</Filter>
    </ClCompile>
    <ClCompile Include="Terrain.cpp">
      <Filter>Source Files</Filter>
    </ClCompile>
    <ClCompile Include="CollidableDynamicObject.cpp">
      <Filter>Source Files</Filter>
    </ClCompile>
    <ClCompile Include="Character.cpp">
      <Filter>Source Files</Filter>
    </ClCompile>
    <ClCompile Include="NonControllableCharacter.cpp">
      <Filter>Source Files</Filter>
    </ClCompile>
    <ClCompile Include="ControllableCharacter.cpp">
      <Filter>Source Files</Filter>
    </ClCompile>
    <ClCompile Include="Camera.cpp">
      <Filter>Graphics\Graphics Source Files</Filter>
    </ClCompile>
    <ClCompile Include="GLWindow.cpp">
      <Filter>Graphics\Graphics Source Files</Filter>
    </ClCompile>
    <ClCompile Include="Light.cpp">
      <Filter>Graphics\Graphics Source Files</Filter>
    </ClCompile>
    <ClCompile Include="Material.cpp">
      <Filter>Graphics\Graphics Source Files</Filter>
    </ClCompile>
    <ClCompile Include="Mesh.cpp">
      <Filter>Graphics\Graphics Source Files</Filter>
    </ClCompile>
    <ClCompile Include="Shader.cpp">
      <Filter>Graphics\Graphics Source Files</Filter>
    </ClCompile>
    <ClCompile Include="Texture.cpp">
      <Filter>Graphics\Graphics Source Files</Filter>
    </ClCompile>
    <ClCompile Include="Renderer.cpp">
      <Filter>Graphics\Graphics Source Files</Filter>
    </ClCompile>
  </ItemGroup>
  <ItemGroup>
    <None Include="Shaders\shader.frag">
      <Filter>Graphics\Graphics Resource Files</Filter>
    </None>
    <None Include="Shaders\shader.vert">
      <Filter>Graphics\Graphics Resource Files</Filter>
    </None>
  </ItemGroup>
</Project>