
Microsoft Visual Studio Solution File, Format Version 12.00
# Visual Studio Version 16
Project("{8BC9CEB8-8B4A-11D0-8D11-00A0C91BC942}") = "ALL_BUILD", "ALL_BUILD.vcxproj", "{4801D705-446C-3F7B-9667-943FFED1184F}"
	ProjectSection(ProjectDependencies) = postProject
		{6F2740DE-6868-34A5-B098-F13D6F807A5B} = {6F2740DE-6868-34A5-B098-F13D6F807A5B}
		{B58C312A-6BA4-3E1C-AD7B-A10E99992979} = {B58C312A-6BA4-3E1C-AD7B-A10E99992979}
		{CF139890-E268-3ADB-A31C-601108DE0867} = {CF139890-E268-3ADB-A31C-601108DE0867}
		{8EEF17A2-02CA-3D96-BC31-E41C05BD2288} = {8EEF17A2-02CA-3D96-BC31-E41C05BD2288}
		{2C23CB83-4A4C-3070-927B-BB13FC93C119} = {2C23CB83-4A4C-3070-927B-BB13FC93C119}
		{CEF51FF2-25A9-3AFE-9E3B-D9040479EB3F} = {CEF51FF2-25A9-3AFE-9E3B-D9040479EB3F}
		{55266CEF-E8C7-3160-B847-959872B79DC7} = {55266CEF-E8C7-3160-B847-959872B79DC7}
	EndProjectSection
EndProject
Project("{8BC9CEB8-8B4A-11D0-8D11-00A0C91BC942}") = "INSTALL", "INSTALL.vcxproj", "{8CCC5968-9223-39F5-9912-412885E6066E}"
	ProjectSection(ProjectDependencies) = postProject
		{4801D705-446C-3F7B-9667-943FFED1184F} = {4801D705-446C-3F7B-9667-943FFED1184F}
		{B58C312A-6BA4-3E1C-AD7B-A10E99992979} = {B58C312A-6BA4-3E1C-AD7B-A10E99992979}
	EndProjectSection
EndProject
Project("{8BC9CEB8-8B4A-11D0-8D11-00A0C91BC942}") = "IrrXML", "contrib\irrXML\IrrXML.vcxproj", "{6F2740DE-6868-34A5-B098-F13D6F807A5B}"
	ProjectSection(ProjectDependencies) = postProject
		{B58C312A-6BA4-3E1C-AD7B-A10E99992979} = {B58C312A-6BA4-3E1C-AD7B-A10E99992979}
	EndProjectSection
EndProject
Project("{8BC9CEB8-8B4A-11D0-8D11-00A0C91BC942}") = "UpdateAssimpLibsDebugSymbolsAndDLLs", "UpdateAssimpLibsDebugSymbolsAndDLLs.vcxproj", "{3C733BCD-8EAD-372D-A7CE-4A9A3E9757A0}"
	ProjectSection(ProjectDependencies) = postProject
		{B58C312A-6BA4-3E1C-AD7B-A10E99992979} = {B58C312A-6BA4-3E1C-AD7B-A10E99992979}
	EndProjectSection
EndProject
Project("{8BC9CEB8-8B4A-11D0-8D11-00A0C91BC942}") = "ZERO_CHECK", "ZERO_CHECK.vcxproj", "{B58C312A-6BA4-3E1C-AD7B-A10E99992979}"
	ProjectSection(ProjectDependencies) = postProject
	EndProjectSection
EndProject
Project("{8BC9CEB8-8B4A-11D0-8D11-00A0C91BC942}") = "assimp", "code\assimp.vcxproj", "{CF139890-E268-3ADB-A31C-601108DE0867}"
	ProjectSection(ProjectDependencies) = postProject
		{6F2740DE-6868-34A5-B098-F13D6F807A5B} = {6F2740DE-6868-34A5-B098-F13D6F807A5B}
		{B58C312A-6BA4-3E1C-AD7B-A10E99992979} = {B58C312A-6BA4-3E1C-AD7B-A10E99992979}
		{55266CEF-E8C7-3160-B847-959872B79DC7} = {55266CEF-E8C7-3160-B847-959872B79DC7}
	EndProjectSection
EndProject
Project("{8BC9CEB8-8B4A-11D0-8D11-00A0C91BC942}") = "assimp_cmd", "tools\assimp_cmd\assimp_cmd.vcxproj", "{8EEF17A2-02CA-3D96-BC31-E41C05BD2288}"
	ProjectSection(ProjectDependencies) = postProject
		{6F2740DE-6868-34A5-B098-F13D6F807A5B} = {6F2740DE-6868-34A5-B098-F13D6F807A5B}
		{B58C312A-6BA4-3E1C-AD7B-A10E99992979} = {B58C312A-6BA4-3E1C-AD7B-A10E99992979}
		{CF139890-E268-3ADB-A31C-601108DE0867} = {CF139890-E268-3ADB-A31C-601108DE0867}
		{55266CEF-E8C7-3160-B847-959872B79DC7} = {55266CEF-E8C7-3160-B847-959872B79DC7}
	EndProjectSection
EndProject
Project("{8BC9CEB8-8B4A-11D0-8D11-00A0C91BC942}") = "uninstall", "uninstall.vcxproj", "{7BEA4EB1-EA84-33DC-8FB0-88E64C2F2661}"
	ProjectSection(ProjectDependencies) = postProject
		{B58C312A-6BA4-3E1C-AD7B-A10E99992979} = {B58C312A-6BA4-3E1C-AD7B-A10E99992979}
	EndProjectSection
EndProject
Project("{8BC9CEB8-8B4A-11D0-8D11-00A0C91BC942}") = "unit", "test\unit.vcxproj", "{2C23CB83-4A4C-3070-927B-BB13FC93C119}"
	ProjectSection(ProjectDependencies) = postProject
		{6F2740DE-6868-34A5-B098-F13D6F807A5B} = {6F2740DE-6868-34A5-B098-F13D6F807A5B}
		{B58C312A-6BA4-3E1C-AD7B-A10E99992979} = {B58C312A-6BA4-3E1C-AD7B-A10E99992979}
		{CF139890-E268-3ADB-A31C-601108DE0867} = {CF139890-E268-3ADB-A31C-601108DE0867}
		{55266CEF-E8C7-3160-B847-959872B79DC7} = {55266CEF-E8C7-3160-B847-959872B79DC7}
	EndProjectSection
EndProject
Project("{8BC9CEB8-8B4A-11D0-8D11-00A0C91BC942}") = "zlib", "contrib\zlib\zlib.vcxproj", "{CEF51FF2-25A9-3AFE-9E3B-D9040479EB3F}"
	ProjectSection(ProjectDependencies) = postProject
		{B58C312A-6BA4-3E1C-AD7B-A10E99992979} = {B58C312A-6BA4-3E1C-AD7B-A10E99992979}
	EndProjectSection
EndProject
Project("{8BC9CEB8-8B4A-11D0-8D11-00A0C91BC942}") = "zlibstatic", "contrib\zlib\zlibstatic.vcxproj", "{55266CEF-E8C7-3160-B847-959872B79DC7}"
	ProjectSection(ProjectDependencies) = postProject
		{B58C312A-6BA4-3E1C-AD7B-A10E99992979} = {B58C312A-6BA4-3E1C-AD7B-A10E99992979}
	EndProjectSection
EndProject
Global
	GlobalSection(SolutionConfigurationPlatforms) = preSolution
		Debug|Win32 = Debug|Win32
		Release|Win32 = Release|Win32
		MinSizeRel|Win32 = MinSizeRel|Win32
		RelWithDebInfo|Win32 = RelWithDebInfo|Win32
	EndGlobalSection
	GlobalSection(ProjectConfigurationPlatforms) = postSolution
		{4801D705-446C-3F7B-9667-943FFED1184F}.Debug|Win32.ActiveCfg = Debug|Win32
		{4801D705-446C-3F7B-9667-943FFED1184F}.Debug|Win32.Build.0 = Debug|Win32
		{4801D705-446C-3F7B-9667-943FFED1184F}.Release|Win32.ActiveCfg = Release|Win32
		{4801D705-446C-3F7B-9667-943FFED1184F}.Release|Win32.Build.0 = Release|Win32
		{4801D705-446C-3F7B-9667-943FFED1184F}.MinSizeRel|Win32.ActiveCfg = MinSizeRel|Win32
		{4801D705-446C-3F7B-9667-943FFED1184F}.MinSizeRel|Win32.Build.0 = MinSizeRel|Win32
		{4801D705-446C-3F7B-9667-943FFED1184F}.RelWithDebInfo|Win32.ActiveCfg = RelWithDebInfo|Win32
		{4801D705-446C-3F7B-9667-943FFED1184F}.RelWithDebInfo|Win32.Build.0 = RelWithDebInfo|Win32
		{8CCC5968-9223-39F5-9912-412885E6066E}.Debug|Win32.ActiveCfg = Debug|Win32
		{8CCC5968-9223-39F5-9912-412885E6066E}.Release|Win32.ActiveCfg = Release|Win32
		{8CCC5968-9223-39F5-9912-412885E6066E}.MinSizeRel|Win32.ActiveCfg = MinSizeRel|Win32
		{8CCC5968-9223-39F5-9912-412885E6066E}.RelWithDebInfo|Win32.ActiveCfg = RelWithDebInfo|Win32
		{6F2740DE-6868-34A5-B098-F13D6F807A5B}.Debug|Win32.ActiveCfg = Debug|Win32
		{6F2740DE-6868-34A5-B098-F13D6F807A5B}.Debug|Win32.Build.0 = Debug|Win32
		{6F2740DE-6868-34A5-B098-F13D6F807A5B}.Release|Win32.ActiveCfg = Release|Win32
		{6F2740DE-6868-34A5-B098-F13D6F807A5B}.Release|Win32.Build.0 = Release|Win32
		{6F2740DE-6868-34A5-B098-F13D6F807A5B}.MinSizeRel|Win32.ActiveCfg = MinSizeRel|Win32
		{6F2740DE-6868-34A5-B098-F13D6F807A5B}.MinSizeRel|Win32.Build.0 = MinSizeRel|Win32
		{6F2740DE-6868-34A5-B098-F13D6F807A5B}.RelWithDebInfo|Win32.ActiveCfg = RelWithDebInfo|Win32
		{6F2740DE-6868-34A5-B098-F13D6F807A5B}.RelWithDebInfo|Win32.Build.0 = RelWithDebInfo|Win32
		{3C733BCD-8EAD-372D-A7CE-4A9A3E9757A0}.Debug|Win32.ActiveCfg = Debug|Win32
		{3C733BCD-8EAD-372D-A7CE-4A9A3E9757A0}.Release|Win32.ActiveCfg = Release|Win32
		{3C733BCD-8EAD-372D-A7CE-4A9A3E9757A0}.MinSizeRel|Win32.ActiveCfg = MinSizeRel|Win32
		{3C733BCD-8EAD-372D-A7CE-4A9A3E9757A0}.RelWithDebInfo|Win32.ActiveCfg = RelWithDebInfo|Win32
		{B58C312A-6BA4-3E1C-AD7B-A10E99992979}.Debug|Win32.ActiveCfg = Debug|Win32
		{B58C312A-6BA4-3E1C-AD7B-A10E99992979}.Debug|Win32.Build.0 = Debug|Win32
		{B58C312A-6BA4-3E1C-AD7B-A10E99992979}.Release|Win32.ActiveCfg = Release|Win32
		{B58C312A-6BA4-3E1C-AD7B-A10E99992979}.Release|Win32.Build.0 = Release|Win32
		{B58C312A-6BA4-3E1C-AD7B-A10E99992979}.MinSizeRel|Win32.ActiveCfg = MinSizeRel|Win32
		{B58C312A-6BA4-3E1C-AD7B-A10E99992979}.MinSizeRel|Win32.Build.0 = MinSizeRel|Win32
		{B58C312A-6BA4-3E1C-AD7B-A10E99992979}.RelWithDebInfo|Win32.ActiveCfg = RelWithDebInfo|Win32
		{B58C312A-6BA4-3E1C-AD7B-A10E99992979}.RelWithDebInfo|Win32.Build.0 = RelWithDebInfo|Win32
		{CF139890-E268-3ADB-A31C-601108DE0867}.Debug|Win32.ActiveCfg = Debug|Win32
		{CF139890-E268-3ADB-A31C-601108DE0867}.Debug|Win32.Build.0 = Debug|Win32
		{CF139890-E268-3ADB-A31C-601108DE0867}.Release|Win32.ActiveCfg = Release|Win32
		{CF139890-E268-3ADB-A31C-601108DE0867}.Release|Win32.Build.0 = Release|Win32
		{CF139890-E268-3ADB-A31C-601108DE0867}.MinSizeRel|Win32.ActiveCfg = MinSizeRel|Win32
		{CF139890-E268-3ADB-A31C-601108DE0867}.MinSizeRel|Win32.Build.0 = MinSizeRel|Win32
		{CF139890-E268-3ADB-A31C-601108DE0867}.RelWithDebInfo|Win32.ActiveCfg = RelWithDebInfo|Win32
		{CF139890-E268-3ADB-A31C-601108DE0867}.RelWithDebInfo|Win32.Build.0 = RelWithDebInfo|Win32
		{8EEF17A2-02CA-3D96-BC31-E41C05BD2288}.Debug|Win32.ActiveCfg = Debug|Win32
		{8EEF17A2-02CA-3D96-BC31-E41C05BD2288}.Debug|Win32.Build.0 = Debug|Win32
		{8EEF17A2-02CA-3D96-BC31-E41C05BD2288}.Release|Win32.ActiveCfg = Release|Win32
		{8EEF17A2-02CA-3D96-BC31-E41C05BD2288}.Release|Win32.Build.0 = Release|Win32
		{8EEF17A2-02CA-3D96-BC31-E41C05BD2288}.MinSizeRel|Win32.ActiveCfg = MinSizeRel|Win32
		{8EEF17A2-02CA-3D96-BC31-E41C05BD2288}.MinSizeRel|Win32.Build.0 = MinSizeRel|Win32
		{8EEF17A2-02CA-3D96-BC31-E41C05BD2288}.RelWithDebInfo|Win32.ActiveCfg = RelWithDebInfo|Win32
		{8EEF17A2-02CA-3D96-BC31-E41C05BD2288}.RelWithDebInfo|Win32.Build.0 = RelWithDebInfo|Win32
		{7BEA4EB1-EA84-33DC-8FB0-88E64C2F2661}.Debug|Win32.ActiveCfg = Debug|Win32
		{7BEA4EB1-EA84-33DC-8FB0-88E64C2F2661}.Release|Win32.ActiveCfg = Release|Win32
		{7BEA4EB1-EA84-33DC-8FB0-88E64C2F2661}.MinSizeRel|Win32.ActiveCfg = MinSizeRel|Win32
		{7BEA4EB1-EA84-33DC-8FB0-88E64C2F2661}.RelWithDebInfo|Win32.ActiveCfg = RelWithDebInfo|Win32
		{2C23CB83-4A4C-3070-927B-BB13FC93C119}.Debug|Win32.ActiveCfg = Debug|Win32
		{2C23CB83-4A4C-3070-927B-BB13FC93C119}.Debug|Win32.Build.0 = Debug|Win32
		{2C23CB83-4A4C-3070-927B-BB13FC93C119}.Release|Win32.ActiveCfg = Release|Win32
		{2C23CB83-4A4C-3070-927B-BB13FC93C119}.Release|Win32.Build.0 = Release|Win32
		{2C23CB83-4A4C-3070-927B-BB13FC93C119}.MinSizeRel|Win32.ActiveCfg = MinSizeRel|Win32
		{2C23CB83-4A4C-3070-927B-BB13FC93C119}.MinSizeRel|Win32.Build.0 = MinSizeRel|Win32
		{2C23CB83-4A4C-3070-927B-BB13FC93C119}.RelWithDebInfo|Win32.ActiveCfg = RelWithDebInfo|Win32
		{2C23CB83-4A4C-3070-927B-BB13FC93C119}.RelWithDebInfo|Win32.Build.0 = RelWithDebInfo|Win32
		{CEF51FF2-25A9-3AFE-9E3B-D9040479EB3F}.Debug|Win32.ActiveCfg = Debug|Win32
		{CEF51FF2-25A9-3AFE-9E3B-D9040479EB3F}.Debug|Win32.Build.0 = Debug|Win32
		{CEF51FF2-25A9-3AFE-9E3B-D9040479EB3F}.Release|Win32.ActiveCfg = Release|Win32
		{CEF51FF2-25A9-3AFE-9E3B-D9040479EB3F}.Release|Win32.Build.0 = Release|Win32
		{CEF51FF2-25A9-3AFE-9E3B-D9040479EB3F}.MinSizeRel|Win32.ActiveCfg = MinSizeRel|Win32
		{CEF51FF2-25A9-3AFE-9E3B-D9040479EB3F}.MinSizeRel|Win32.Build.0 = MinSizeRel|Win32
		{CEF51FF2-25A9-3AFE-9E3B-D9040479EB3F}.RelWithDebInfo|Win32.ActiveCfg = RelWithDebInfo|Win32
		{CEF51FF2-25A9-3AFE-9E3B-D9040479EB3F}.RelWithDebInfo|Win32.Build.0 = RelWithDebInfo|Win32
		{55266CEF-E8C7-3160-B847-959872B79DC7}.Debug|Win32.ActiveCfg = Debug|Win32
		{55266CEF-E8C7-3160-B847-959872B79DC7}.Debug|Win32.Build.0 = Debug|Win32
		{55266CEF-E8C7-3160-B847-959872B79DC7}.Release|Win32.ActiveCfg = Release|Win32
		{55266CEF-E8C7-3160-B847-959872B79DC7}.Release|Win32.Build.0 = Release|Win32
		{55266CEF-E8C7-3160-B847-959872B79DC7}.MinSizeRel|Win32.ActiveCfg = MinSizeRel|Win32
		{55266CEF-E8C7-3160-B847-959872B79DC7}.MinSizeRel|Win32.Build.0 = MinSizeRel|Win32
		{55266CEF-E8C7-3160-B847-959872B79DC7}.RelWithDebInfo|Win32.ActiveCfg = RelWithDebInfo|Win32
		{55266CEF-E8C7-3160-B847-959872B79DC7}.RelWithDebInfo|Win32.Build.0 = RelWithDebInfo|Win32
	EndGlobalSection
	GlobalSection(ExtensibilityGlobals) = postSolution
		SolutionGuid = {E45A88B2-4BB9-3E52-8526-2533641B08BD}
	EndGlobalSection
	GlobalSection(ExtensibilityAddIns) = postSolution
	EndGlobalSection
EndGlobal
