<?xml version="1.0" encoding="utf-8"?>
<Project ToolsVersion="16.0" xmlns="http://schemas.microsoft.com/developer/msbuild/2003">
  <ItemGroup>
    <CustomBuild Include="C:\Users\Jacob\Documents\Repositories\Personal\Sprints\OpenGL\ExternalLibs\assimp-5.0.1\assimp-5.0.1\CMakeFiles\e6a18a5186b955d1d2c37a09eacb8738\INSTALL_force.rule">
      <Filter>CMake Rules</Filter>
    </CustomBuild>
  </ItemGroup>
  <ItemGroup>
    <Filter Include="CMake Rules">
      <UniqueIdentifier>{E630C6A3-1EDD-33D2-AD22-2DBFC1A5A16C}</UniqueIdentifier>
    </Filter>
  </ItemGroup>
</Project>
